// !$*UTF8*$!
{
	archiveVersion = 1;
	classes = {
	};
	objectVersion = 55;
	objects = {

/* Begin PBXBuildFile section */
		118675F8B337F1E28D40CE67 /* Pods_DailyPlanner.framework in Frameworks */ = {isa = PBXBuildFile; fileRef = E269B0282DA219B58AC8F4CF /* Pods_DailyPlanner.framework */; };
		4BDCC6B22760035A3EE101CF /* Pods_DailyPlanner_DailyPlannerUITests.framework in Frameworks */ = {isa = PBXBuildFile; fileRef = 9F2CEA20BF482F51518A0117 /* Pods_DailyPlanner_DailyPlannerUITests.framework */; };
		917CED0727B15FF100433C21 /* AppDelegate.swift in Sources */ = {isa = PBXBuildFile; fileRef = 917CED0627B15FF100433C21 /* AppDelegate.swift */; };
		917CED0927B15FF100433C21 /* SceneDelegate.swift in Sources */ = {isa = PBXBuildFile; fileRef = 917CED0827B15FF100433C21 /* SceneDelegate.swift */; };
		917CED0B27B15FF100433C21 /* ViewController.swift in Sources */ = {isa = PBXBuildFile; fileRef = 917CED0A27B15FF100433C21 /* ViewController.swift */; };
		917CED0E27B15FF100433C21 /* Main.storyboard in Resources */ = {isa = PBXBuildFile; fileRef = 917CED0C27B15FF100433C21 /* Main.storyboard */; };
		917CED1027B15FF100433C21 /* Assets.xcassets in Resources */ = {isa = PBXBuildFile; fileRef = 917CED0F27B15FF100433C21 /* Assets.xcassets */; };
		917CED1327B15FF100433C21 /* LaunchScreen.storyboard in Resources */ = {isa = PBXBuildFile; fileRef = 917CED1127B15FF100433C21 /* LaunchScreen.storyboard */; };
		917CED1E27B15FF100433C21 /* DailyPlannerTests.swift in Sources */ = {isa = PBXBuildFile; fileRef = 917CED1D27B15FF100433C21 /* DailyPlannerTests.swift */; };
		917CED2827B15FF100433C21 /* DailyPlannerUITests.swift in Sources */ = {isa = PBXBuildFile; fileRef = 917CED2727B15FF100433C21 /* DailyPlannerUITests.swift */; };
		917CED2A27B15FF100433C21 /* DailyPlannerUITestsLaunchTests.swift in Sources */ = {isa = PBXBuildFile; fileRef = 917CED2927B15FF100433C21 /* DailyPlannerUITestsLaunchTests.swift */; };
		F1A42C605355F07064DFCEE1 /* Pods_DailyPlannerTests.framework in Frameworks */ = {isa = PBXBuildFile; fileRef = 6837A8B8A98F6F7A72114ED8 /* Pods_DailyPlannerTests.framework */; };
/* End PBXBuildFile section */

/* Begin PBXContainerItemProxy section */
		917CED1A27B15FF100433C21 /* PBXContainerItemProxy */ = {
			isa = PBXContainerItemProxy;
			containerPortal = 917CECFB27B15FF100433C21 /* Project object */;
			proxyType = 1;
			remoteGlobalIDString = 917CED0227B15FF100433C21;
			remoteInfo = DailyPlanner;
		};
		917CED2427B15FF100433C21 /* PBXContainerItemProxy */ = {
			isa = PBXContainerItemProxy;
			containerPortal = 917CECFB27B15FF100433C21 /* Project object */;
			proxyType = 1;
			remoteGlobalIDString = 917CED0227B15FF100433C21;
			remoteInfo = DailyPlanner;
		};
/* End PBXContainerItemProxy section */

/* Begin PBXFileReference section */
		044F44826F720DF4D2792754 /* Pods-DailyPlanner-DailyPlannerUITests.release.xcconfig */ = {isa = PBXFileReference; includeInIndex = 1; lastKnownFileType = text.xcconfig; name = "Pods-DailyPlanner-DailyPlannerUITests.release.xcconfig"; path = "Target Support Files/Pods-DailyPlanner-DailyPlannerUITests/Pods-DailyPlanner-DailyPlannerUITests.release.xcconfig"; sourceTree = "<group>"; };
		3D8BA2317860DC6AD1F0E582 /* Pods-DailyPlannerTests.release.xcconfig */ = {isa = PBXFileReference; includeInIndex = 1; lastKnownFileType = text.xcconfig; name = "Pods-DailyPlannerTests.release.xcconfig"; path = "Target Support Files/Pods-DailyPlannerTests/Pods-DailyPlannerTests.release.xcconfig"; sourceTree = "<group>"; };
		3FD2AC69AAE013A65692572E /* Pods-DailyPlannerTests.debug.xcconfig */ = {isa = PBXFileReference; includeInIndex = 1; lastKnownFileType = text.xcconfig; name = "Pods-DailyPlannerTests.debug.xcconfig"; path = "Target Support Files/Pods-DailyPlannerTests/Pods-DailyPlannerTests.debug.xcconfig"; sourceTree = "<group>"; };
		519A5BC7B1FE858D191C8AB9 /* Pods-DailyPlanner-DailyPlannerUITests.debug.xcconfig */ = {isa = PBXFileReference; includeInIndex = 1; lastKnownFileType = text.xcconfig; name = "Pods-DailyPlanner-DailyPlannerUITests.debug.xcconfig"; path = "Target Support Files/Pods-DailyPlanner-DailyPlannerUITests/Pods-DailyPlanner-DailyPlannerUITests.debug.xcconfig"; sourceTree = "<group>"; };
		6837A8B8A98F6F7A72114ED8 /* Pods_DailyPlannerTests.framework */ = {isa = PBXFileReference; explicitFileType = wrapper.framework; includeInIndex = 0; path = Pods_DailyPlannerTests.framework; sourceTree = BUILT_PRODUCTS_DIR; };
		70B4F76D71FA993FCB573F05 /* Pods-DailyPlanner.debug.xcconfig */ = {isa = PBXFileReference; includeInIndex = 1; lastKnownFileType = text.xcconfig; name = "Pods-DailyPlanner.debug.xcconfig"; path = "Target Support Files/Pods-DailyPlanner/Pods-DailyPlanner.debug.xcconfig"; sourceTree = "<group>"; };
		917CED0327B15FF100433C21 /* DailyPlanner.app */ = {isa = PBXFileReference; explicitFileType = wrapper.application; includeInIndex = 0; path = DailyPlanner.app; sourceTree = BUILT_PRODUCTS_DIR; };
		917CED0627B15FF100433C21 /* AppDelegate.swift */ = {isa = PBXFileReference; lastKnownFileType = sourcecode.swift; path = AppDelegate.swift; sourceTree = "<group>"; };
		917CED0827B15FF100433C21 /* SceneDelegate.swift */ = {isa = PBXFileReference; lastKnownFileType = sourcecode.swift; path = SceneDelegate.swift; sourceTree = "<group>"; };
		917CED0A27B15FF100433C21 /* ViewController.swift */ = {isa = PBXFileReference; lastKnownFileType = sourcecode.swift; path = ViewController.swift; sourceTree = "<group>"; };
		917CED0D27B15FF100433C21 /* Base */ = {isa = PBXFileReference; lastKnownFileType = file.storyboard; name = Base; path = Base.lproj/Main.storyboard; sourceTree = "<group>"; };
		917CED0F27B15FF100433C21 /* Assets.xcassets */ = {isa = PBXFileReference; lastKnownFileType = folder.assetcatalog; path = Assets.xcassets; sourceTree = "<group>"; };
		917CED1227B15FF100433C21 /* Base */ = {isa = PBXFileReference; lastKnownFileType = file.storyboard; name = Base; path = Base.lproj/LaunchScreen.storyboard; sourceTree = "<group>"; };
		917CED1427B15FF100433C21 /* Info.plist */ = {isa = PBXFileReference; lastKnownFileType = text.plist.xml; path = Info.plist; sourceTree = "<group>"; };
		917CED1927B15FF100433C21 /* DailyPlannerTests.xctest */ = {isa = PBXFileReference; explicitFileType = wrapper.cfbundle; includeInIndex = 0; path = DailyPlannerTests.xctest; sourceTree = BUILT_PRODUCTS_DIR; };
		917CED1D27B15FF100433C21 /* DailyPlannerTests.swift */ = {isa = PBXFileReference; lastKnownFileType = sourcecode.swift; path = DailyPlannerTests.swift; sourceTree = "<group>"; };
		917CED2327B15FF100433C21 /* DailyPlannerUITests.xctest */ = {isa = PBXFileReference; explicitFileType = wrapper.cfbundle; includeInIndex = 0; path = DailyPlannerUITests.xctest; sourceTree = BUILT_PRODUCTS_DIR; };
		917CED2727B15FF100433C21 /* DailyPlannerUITests.swift */ = {isa = PBXFileReference; lastKnownFileType = sourcecode.swift; path = DailyPlannerUITests.swift; sourceTree = "<group>"; };
		917CED2927B15FF100433C21 /* DailyPlannerUITestsLaunchTests.swift */ = {isa = PBXFileReference; lastKnownFileType = sourcecode.swift; path = DailyPlannerUITestsLaunchTests.swift; sourceTree = "<group>"; };
		9F2CEA20BF482F51518A0117 /* Pods_DailyPlanner_DailyPlannerUITests.framework */ = {isa = PBXFileReference; explicitFileType = wrapper.framework; includeInIndex = 0; path = Pods_DailyPlanner_DailyPlannerUITests.framework; sourceTree = BUILT_PRODUCTS_DIR; };
		D3FC3F5D6451BDB3586C69AA /* Pods-DailyPlanner.release.xcconfig */ = {isa = PBXFileReference; includeInIndex = 1; lastKnownFileType = text.xcconfig; name = "Pods-DailyPlanner.release.xcconfig"; path = "Target Support Files/Pods-DailyPlanner/Pods-DailyPlanner.release.xcconfig"; sourceTree = "<group>"; };
		E269B0282DA219B58AC8F4CF /* Pods_DailyPlanner.framework */ = {isa = PBXFileReference; explicitFileType = wrapper.framework; includeInIndex = 0; path = Pods_DailyPlanner.framework; sourceTree = BUILT_PRODUCTS_DIR; };
/* End PBXFileReference section */

/* Begin PBXFrameworksBuildPhase section */
		917CED0027B15FF100433C21 /* Frameworks */ = {
			isa = PBXFrameworksBuildPhase;
			buildActionMask = 2147483647;
			files = (
				118675F8B337F1E28D40CE67 /* Pods_DailyPlanner.framework in Frameworks */,
			);
			runOnlyForDeploymentPostprocessing = 0;
		};
		917CED1627B15FF100433C21 /* Frameworks */ = {
			isa = PBXFrameworksBuildPhase;
			buildActionMask = 2147483647;
			files = (
				F1A42C605355F07064DFCEE1 /* Pods_DailyPlannerTests.framework in Frameworks */,
			);
			runOnlyForDeploymentPostprocessing = 0;
		};
		917CED2027B15FF100433C21 /* Frameworks */ = {
			isa = PBXFrameworksBuildPhase;
			buildActionMask = 2147483647;
			files = (
				4BDCC6B22760035A3EE101CF /* Pods_DailyPlanner_DailyPlannerUITests.framework in Frameworks */,
			);
			runOnlyForDeploymentPostprocessing = 0;
		};
/* End PBXFrameworksBuildPhase section */

/* Begin PBXGroup section */
		917CECFA27B15FF100433C21 = {
			isa = PBXGroup;
			children = (
				917CED0527B15FF100433C21 /* DailyPlanner */,
				917CED1C27B15FF100433C21 /* DailyPlannerTests */,
				917CED2627B15FF100433C21 /* DailyPlannerUITests */,
				917CED0427B15FF100433C21 /* Products */,
				BAA2D4D3282E4A3147089832 /* Pods */,
				F9E6925628AF28198B65E1DA /* Frameworks */,
			);
			sourceTree = "<group>";
		};
		917CED0427B15FF100433C21 /* Products */ = {
			isa = PBXGroup;
			children = (
				917CED0327B15FF100433C21 /* DailyPlanner.app */,
				917CED1927B15FF100433C21 /* DailyPlannerTests.xctest */,
				917CED2327B15FF100433C21 /* DailyPlannerUITests.xctest */,
			);
			name = Products;
			sourceTree = "<group>";
		};
		917CED0527B15FF100433C21 /* DailyPlanner */ = {
			isa = PBXGroup;
			children = (
				917CED0627B15FF100433C21 /* AppDelegate.swift */,
				917CED0827B15FF100433C21 /* SceneDelegate.swift */,
				917CED0A27B15FF100433C21 /* ViewController.swift */,
				917CED0C27B15FF100433C21 /* Main.storyboard */,
				917CED0F27B15FF100433C21 /* Assets.xcassets */,
				917CED1127B15FF100433C21 /* LaunchScreen.storyboard */,
				917CED1427B15FF100433C21 /* Info.plist */,
			);
			path = DailyPlanner;
			sourceTree = "<group>";
		};
		917CED1C27B15FF100433C21 /* DailyPlannerTests */ = {
			isa = PBXGroup;
			children = (
				917CED1D27B15FF100433C21 /* DailyPlannerTests.swift */,
			);
			path = DailyPlannerTests;
			sourceTree = "<group>";
		};
		917CED2627B15FF100433C21 /* DailyPlannerUITests */ = {
			isa = PBXGroup;
			children = (
				917CED2727B15FF100433C21 /* DailyPlannerUITests.swift */,
				917CED2927B15FF100433C21 /* DailyPlannerUITestsLaunchTests.swift */,
			);
			path = DailyPlannerUITests;
			sourceTree = "<group>";
		};
		BAA2D4D3282E4A3147089832 /* Pods */ = {
			isa = PBXGroup;
			children = (
				70B4F76D71FA993FCB573F05 /* Pods-DailyPlanner.debug.xcconfig */,
				D3FC3F5D6451BDB3586C69AA /* Pods-DailyPlanner.release.xcconfig */,
				519A5BC7B1FE858D191C8AB9 /* Pods-DailyPlanner-DailyPlannerUITests.debug.xcconfig */,
				044F44826F720DF4D2792754 /* Pods-DailyPlanner-DailyPlannerUITests.release.xcconfig */,
				3FD2AC69AAE013A65692572E /* Pods-DailyPlannerTests.debug.xcconfig */,
				3D8BA2317860DC6AD1F0E582 /* Pods-DailyPlannerTests.release.xcconfig */,
			);
			path = Pods;
			sourceTree = "<group>";
		};
		F9E6925628AF28198B65E1DA /* Frameworks */ = {
			isa = PBXGroup;
			children = (
				E269B0282DA219B58AC8F4CF /* Pods_DailyPlanner.framework */,
				9F2CEA20BF482F51518A0117 /* Pods_DailyPlanner_DailyPlannerUITests.framework */,
				6837A8B8A98F6F7A72114ED8 /* Pods_DailyPlannerTests.framework */,
			);
			name = Frameworks;
			sourceTree = "<group>";
		};
/* End PBXGroup section */

/* Begin PBXNativeTarget section */
		917CED0227B15FF100433C21 /* DailyPlanner */ = {
			isa = PBXNativeTarget;
			buildConfigurationList = 917CED2D27B15FF100433C21 /* Build configuration list for PBXNativeTarget "DailyPlanner" */;
			buildPhases = (
				1B0DAFB42C3ED2C0ADC3667B /* [CP] Check Pods Manifest.lock */,
				917CECFF27B15FF100433C21 /* Sources */,
				917CED0027B15FF100433C21 /* Frameworks */,
				917CED0127B15FF100433C21 /* Resources */,
				9106394527B196A700B64638 /* ShellScript */,
			);
			buildRules = (
			);
			dependencies = (
			);
			name = DailyPlanner;
			productName = DailyPlanner;
			productReference = 917CED0327B15FF100433C21 /* DailyPlanner.app */;
			productType = "com.apple.product-type.application";
		};
		917CED1827B15FF100433C21 /* DailyPlannerTests */ = {
			isa = PBXNativeTarget;
			buildConfigurationList = 917CED3027B15FF100433C21 /* Build configuration list for PBXNativeTarget "DailyPlannerTests" */;
			buildPhases = (
				354A3F437F3C915115F1301F /* [CP] Check Pods Manifest.lock */,
				917CED1527B15FF100433C21 /* Sources */,
				917CED1627B15FF100433C21 /* Frameworks */,
				917CED1727B15FF100433C21 /* Resources */,
			);
			buildRules = (
			);
			dependencies = (
				917CED1B27B15FF100433C21 /* PBXTargetDependency */,
			);
			name = DailyPlannerTests;
			productName = DailyPlannerTests;
			productReference = 917CED1927B15FF100433C21 /* DailyPlannerTests.xctest */;
			productType = "com.apple.product-type.bundle.unit-test";
		};
		917CED2227B15FF100433C21 /* DailyPlannerUITests */ = {
			isa = PBXNativeTarget;
			buildConfigurationList = 917CED3327B15FF100433C21 /* Build configuration list for PBXNativeTarget "DailyPlannerUITests" */;
			buildPhases = (
				C2D305E9C1D5A052D3BB4BAE /* [CP] Check Pods Manifest.lock */,
				917CED1F27B15FF100433C21 /* Sources */,
				917CED2027B15FF100433C21 /* Frameworks */,
				917CED2127B15FF100433C21 /* Resources */,
			);
			buildRules = (
			);
			dependencies = (
				917CED2527B15FF100433C21 /* PBXTargetDependency */,
			);
			name = DailyPlannerUITests;
			productName = DailyPlannerUITests;
			productReference = 917CED2327B15FF100433C21 /* DailyPlannerUITests.xctest */;
			productType = "com.apple.product-type.bundle.ui-testing";
		};
/* End PBXNativeTarget section */

/* Begin PBXProject section */
		917CECFB27B15FF100433C21 /* Project object */ = {
			isa = PBXProject;
			attributes = {
				BuildIndependentTargetsInParallel = 1;
				LastSwiftUpdateCheck = 1320;
				LastUpgradeCheck = 1320;
				TargetAttributes = {
					917CED0227B15FF100433C21 = {
						CreatedOnToolsVersion = 13.2.1;
					};
					917CED1827B15FF100433C21 = {
						CreatedOnToolsVersion = 13.2.1;
						TestTargetID = 917CED0227B15FF100433C21;
					};
					917CED2227B15FF100433C21 = {
						CreatedOnToolsVersion = 13.2.1;
						TestTargetID = 917CED0227B15FF100433C21;
					};
				};
			};
			buildConfigurationList = 917CECFE27B15FF100433C21 /* Build configuration list for PBXProject "DailyPlanner" */;
			compatibilityVersion = "Xcode 13.0";
			developmentRegion = en;
			hasScannedForEncodings = 0;
			knownRegions = (
				en,
				Base,
			);
			mainGroup = 917CECFA27B15FF100433C21;
			productRefGroup = 917CED0427B15FF100433C21 /* Products */;
			projectDirPath = "";
			projectRoot = "";
			targets = (
				917CED0227B15FF100433C21 /* DailyPlanner */,
				917CED1827B15FF100433C21 /* DailyPlannerTests */,
				917CED2227B15FF100433C21 /* DailyPlannerUITests */,
			);
		};
/* End PBXProject section */

/* Begin PBXResourcesBuildPhase section */
		917CED0127B15FF100433C21 /* Resources */ = {
			isa = PBXResourcesBuildPhase;
			buildActionMask = 2147483647;
			files = (
				917CED1327B15FF100433C21 /* LaunchScreen.storyboard in Resources */,
				917CED1027B15FF100433C21 /* Assets.xcassets in Resources */,
				917CED0E27B15FF100433C21 /* Main.storyboard in Resources */,
			);
			runOnlyForDeploymentPostprocessing = 0;
		};
		917CED1727B15FF100433C21 /* Resources */ = {
			isa = PBXResourcesBuildPhase;
			buildActionMask = 2147483647;
			files = (
			);
			runOnlyForDeploymentPostprocessing = 0;
		};
		917CED2127B15FF100433C21 /* Resources */ = {
			isa = PBXResourcesBuildPhase;
			buildActionMask = 2147483647;
			files = (
			);
			runOnlyForDeploymentPostprocessing = 0;
		};
/* End PBXResourcesBuildPhase section */

/* Begin PBXShellScriptBuildPhase section */
		1B0DAFB42C3ED2C0ADC3667B /* [CP] Check Pods Manifest.lock */ = {
			isa = PBXShellScriptBuildPhase;
			buildActionMask = 2147483647;
			files = (
			);
			inputFileListPaths = (
			);
			inputPaths = (
				"${PODS_PODFILE_DIR_PATH}/Podfile.lock",
				"${PODS_ROOT}/Manifest.lock",
			);
			name = "[CP] Check Pods Manifest.lock";
			outputFileListPaths = (
			);
			outputPaths = (
				"$(DERIVED_FILE_DIR)/Pods-DailyPlanner-checkManifestLockResult.txt",
			);
			runOnlyForDeploymentPostprocessing = 0;
			shellPath = /bin/sh;
			shellScript = "diff \"${PODS_PODFILE_DIR_PATH}/Podfile.lock\" \"${PODS_ROOT}/Manifest.lock\" > /dev/null\nif [ $? != 0 ] ; then\n    # print error to STDERR\n    echo \"error: The sandbox is not in sync with the Podfile.lock. Run 'pod install' or update your CocoaPods installation.\" >&2\n    exit 1\nfi\n# This output is used by Xcode 'outputs' to avoid re-running this script phase.\necho \"SUCCESS\" > \"${SCRIPT_OUTPUT_FILE_0}\"\n";
			showEnvVarsInLog = 0;
		};
		354A3F437F3C915115F1301F /* [CP] Check Pods Manifest.lock */ = {
			isa = PBXShellScriptBuildPhase;
			buildActionMask = 2147483647;
			files = (
			);
			inputFileListPaths = (
			);
			inputPaths = (
				"${PODS_PODFILE_DIR_PATH}/Podfile.lock",
				"${PODS_ROOT}/Manifest.lock",
			);
			name = "[CP] Check Pods Manifest.lock";
			outputFileListPaths = (
			);
			outputPaths = (
				"$(DERIVED_FILE_DIR)/Pods-DailyPlannerTests-checkManifestLockResult.txt",
			);
			runOnlyForDeploymentPostprocessing = 0;
			shellPath = /bin/sh;
			shellScript = "diff \"${PODS_PODFILE_DIR_PATH}/Podfile.lock\" \"${PODS_ROOT}/Manifest.lock\" > /dev/null\nif [ $? != 0 ] ; then\n    # print error to STDERR\n    echo \"error: The sandbox is not in sync with the Podfile.lock. Run 'pod install' or update your CocoaPods installation.\" >&2\n    exit 1\nfi\n# This output is used by Xcode 'outputs' to avoid re-running this script phase.\necho \"SUCCESS\" > \"${SCRIPT_OUTPUT_FILE_0}\"\n";
			showEnvVarsInLog = 0;
		};
		9106394527B196A700B64638 /* ShellScript */ = {
			isa = PBXShellScriptBuildPhase;
			buildActionMask = 2147483647;
			files = (
			);
			inputFileListPaths = (
			);
			inputPaths = (
			);
			outputFileListPaths = (
			);
			outputPaths = (
			);
			runOnlyForDeploymentPostprocessing = 0;
			shellPath = /bin/sh;
			shellScript = "\"${PODS_ROOT}/SwiftLint/swiftlint\"\n";
		};
		C2D305E9C1D5A052D3BB4BAE /* [CP] Check Pods Manifest.lock */ = {
			isa = PBXShellScriptBuildPhase;
			buildActionMask = 2147483647;
			files = (
			);
			inputFileListPaths = (
			);
			inputPaths = (
				"${PODS_PODFILE_DIR_PATH}/Podfile.lock",
				"${PODS_ROOT}/Manifest.lock",
			);
			name = "[CP] Check Pods Manifest.lock";
			outputFileListPaths = (
			);
			outputPaths = (
				"$(DERIVED_FILE_DIR)/Pods-DailyPlanner-DailyPlannerUITests-checkManifestLockResult.txt",
			);
			runOnlyForDeploymentPostprocessing = 0;
			shellPath = /bin/sh;
			shellScript = "diff \"${PODS_PODFILE_DIR_PATH}/Podfile.lock\" \"${PODS_ROOT}/Manifest.lock\" > /dev/null\nif [ $? != 0 ] ; then\n    # print error to STDERR\n    echo \"error: The sandbox is not in sync with the Podfile.lock. Run 'pod install' or update your CocoaPods installation.\" >&2\n    exit 1\nfi\n# This output is used by Xcode 'outputs' to avoid re-running this script phase.\necho \"SUCCESS\" > \"${SCRIPT_OUTPUT_FILE_0}\"\n";
			showEnvVarsInLog = 0;
		};
/* End PBXShellScriptBuildPhase section */

/* Begin PBXSourcesBuildPhase section */
		917CECFF27B15FF100433C21 /* Sources */ = {
			isa = PBXSourcesBuildPhase;
			buildActionMask = 2147483647;
			files = (
				917CED0B27B15FF100433C21 /* ViewController.swift in Sources */,
				917CED0727B15FF100433C21 /* AppDelegate.swift in Sources */,
				917CED0927B15FF100433C21 /* SceneDelegate.swift in Sources */,
			);
			runOnlyForDeploymentPostprocessing = 0;
		};
		917CED1527B15FF100433C21 /* Sources */ = {
			isa = PBXSourcesBuildPhase;
			buildActionMask = 2147483647;
			files = (
				917CED1E27B15FF100433C21 /* DailyPlannerTests.swift in Sources */,
			);
			runOnlyForDeploymentPostprocessing = 0;
		};
		917CED1F27B15FF100433C21 /* Sources */ = {
			isa = PBXSourcesBuildPhase;
			buildActionMask = 2147483647;
			files = (
				917CED2827B15FF100433C21 /* DailyPlannerUITests.swift in Sources */,
				917CED2A27B15FF100433C21 /* DailyPlannerUITestsLaunchTests.swift in Sources */,
			);
			runOnlyForDeploymentPostprocessing = 0;
		};
/* End PBXSourcesBuildPhase section */

/* Begin PBXTargetDependency section */
		917CED1B27B15FF100433C21 /* PBXTargetDependency */ = {
			isa = PBXTargetDependency;
			target = 917CED0227B15FF100433C21 /* DailyPlanner */;
			targetProxy = 917CED1A27B15FF100433C21 /* PBXContainerItemProxy */;
		};
		917CED2527B15FF100433C21 /* PBXTargetDependency */ = {
			isa = PBXTargetDependency;
			target = 917CED0227B15FF100433C21 /* DailyPlanner */;
			targetProxy = 917CED2427B15FF100433C21 /* PBXContainerItemProxy */;
		};
/* End PBXTargetDependency section */

/* Begin PBXVariantGroup section */
		917CED0C27B15FF100433C21 /* Main.storyboard */ = {
			isa = PBXVariantGroup;
			children = (
				917CED0D27B15FF100433C21 /* Base */,
			);
			name = Main.storyboard;
			sourceTree = "<group>";
		};
		917CED1127B15FF100433C21 /* LaunchScreen.storyboard */ = {
			isa = PBXVariantGroup;
			children = (
				917CED1227B15FF100433C21 /* Base */,
			);
			name = LaunchScreen.storyboard;
			sourceTree = "<group>";
		};
/* End PBXVariantGroup section */

/* Begin XCBuildConfiguration section */
		917CED2B27B15FF100433C21 /* Debug */ = {
			isa = XCBuildConfiguration;
			buildSettings = {
				ALWAYS_SEARCH_USER_PATHS = NO;
				CLANG_ANALYZER_NONNULL = YES;
				CLANG_ANALYZER_NUMBER_OBJECT_CONVERSION = YES_AGGRESSIVE;
				CLANG_CXX_LANGUAGE_STANDARD = "gnu++17";
				CLANG_CXX_LIBRARY = "libc++";
				CLANG_ENABLE_MODULES = YES;
				CLANG_ENABLE_OBJC_ARC = YES;
				CLANG_ENABLE_OBJC_WEAK = YES;
				CLANG_WARN_BLOCK_CAPTURE_AUTORELEASING = YES;
				CLANG_WARN_BOOL_CONVERSION = YES;
				CLANG_WARN_COMMA = YES;
				CLANG_WARN_CONSTANT_CONVERSION = YES;
				CLANG_WARN_DEPRECATED_OBJC_IMPLEMENTATIONS = YES;
				CLANG_WARN_DIRECT_OBJC_ISA_USAGE = YES_ERROR;
				CLANG_WARN_DOCUMENTATION_COMMENTS = YES;
				CLANG_WARN_EMPTY_BODY = YES;
				CLANG_WARN_ENUM_CONVERSION = YES;
				CLANG_WARN_INFINITE_RECURSION = YES;
				CLANG_WARN_INT_CONVERSION = YES;
				CLANG_WARN_NON_LITERAL_NULL_CONVERSION = YES;
				CLANG_WARN_OBJC_IMPLICIT_RETAIN_SELF = YES;
				CLANG_WARN_OBJC_LITERAL_CONVERSION = YES;
				CLANG_WARN_OBJC_ROOT_CLASS = YES_ERROR;
				CLANG_WARN_QUOTED_INCLUDE_IN_FRAMEWORK_HEADER = YES;
				CLANG_WARN_RANGE_LOOP_ANALYSIS = YES;
				CLANG_WARN_STRICT_PROTOTYPES = YES;
				CLANG_WARN_SUSPICIOUS_MOVE = YES;
				CLANG_WARN_UNGUARDED_AVAILABILITY = YES_AGGRESSIVE;
				CLANG_WARN_UNREACHABLE_CODE = YES;
				CLANG_WARN__DUPLICATE_METHOD_MATCH = YES;
				COPY_PHASE_STRIP = NO;
				DEBUG_INFORMATION_FORMAT = dwarf;
				ENABLE_STRICT_OBJC_MSGSEND = YES;
				ENABLE_TESTABILITY = YES;
				GCC_C_LANGUAGE_STANDARD = gnu11;
				GCC_DYNAMIC_NO_PIC = NO;
				GCC_NO_COMMON_BLOCKS = YES;
				GCC_OPTIMIZATION_LEVEL = 0;
				GCC_PREPROCESSOR_DEFINITIONS = (
					"DEBUG=1",
					"$(inherited)",
				);
				GCC_WARN_64_TO_32_BIT_CONVERSION = YES;
				GCC_WARN_ABOUT_RETURN_TYPE = YES_ERROR;
				GCC_WARN_UNDECLARED_SELECTOR = YES;
				GCC_WARN_UNINITIALIZED_AUTOS = YES_AGGRESSIVE;
				GCC_WARN_UNUSED_FUNCTION = YES;
				GCC_WARN_UNUSED_VARIABLE = YES;
				IPHONEOS_DEPLOYMENT_TARGET = 12.0;
				MTL_ENABLE_DEBUG_INFO = INCLUDE_SOURCE;
				MTL_FAST_MATH = YES;
				ONLY_ACTIVE_ARCH = YES;
				SDKROOT = iphoneos;
				SWIFT_ACTIVE_COMPILATION_CONDITIONS = DEBUG;
				SWIFT_OPTIMIZATION_LEVEL = "-Onone";
			};
			name = Debug;
		};
		917CED2C27B15FF100433C21 /* Release */ = {
			isa = XCBuildConfiguration;
			buildSettings = {
				ALWAYS_SEARCH_USER_PATHS = NO;
				CLANG_ANALYZER_NONNULL = YES;
				CLANG_ANALYZER_NUMBER_OBJECT_CONVERSION = YES_AGGRESSIVE;
				CLANG_CXX_LANGUAGE_STANDARD = "gnu++17";
				CLANG_CXX_LIBRARY = "libc++";
				CLANG_ENABLE_MODULES = YES;
				CLANG_ENABLE_OBJC_ARC = YES;
				CLANG_ENABLE_OBJC_WEAK = YES;
				CLANG_WARN_BLOCK_CAPTURE_AUTORELEASING = YES;
				CLANG_WARN_BOOL_CONVERSION = YES;
				CLANG_WARN_COMMA = YES;
				CLANG_WARN_CONSTANT_CONVERSION = YES;
				CLANG_WARN_DEPRECATED_OBJC_IMPLEMENTATIONS = YES;
				CLANG_WARN_DIRECT_OBJC_ISA_USAGE = YES_ERROR;
				CLANG_WARN_DOCUMENTATION_COMMENTS = YES;
				CLANG_WARN_EMPTY_BODY = YES;
				CLANG_WARN_ENUM_CONVERSION = YES;
				CLANG_WARN_INFINITE_RECURSION = YES;
				CLANG_WARN_INT_CONVERSION = YES;
				CLANG_WARN_NON_LITERAL_NULL_CONVERSION = YES;
				CLANG_WARN_OBJC_IMPLICIT_RETAIN_SELF = YES;
				CLANG_WARN_OBJC_LITERAL_CONVERSION = YES;
				CLANG_WARN_OBJC_ROOT_CLASS = YES_ERROR;
				CLANG_WARN_QUOTED_INCLUDE_IN_FRAMEWORK_HEADER = YES;
				CLANG_WARN_RANGE_LOOP_ANALYSIS = YES;
				CLANG_WARN_STRICT_PROTOTYPES = YES;
				CLANG_WARN_SUSPICIOUS_MOVE = YES;
				CLANG_WARN_UNGUARDED_AVAILABILITY = YES_AGGRESSIVE;
				CLANG_WARN_UNREACHABLE_CODE = YES;
				CLANG_WARN__DUPLICATE_METHOD_MATCH = YES;
				COPY_PHASE_STRIP = NO;
				DEBUG_INFORMATION_FORMAT = "dwarf-with-dsym";
				ENABLE_NS_ASSERTIONS = NO;
				ENABLE_STRICT_OBJC_MSGSEND = YES;
				GCC_C_LANGUAGE_STANDARD = gnu11;
				GCC_NO_COMMON_BLOCKS = YES;
				GCC_WARN_64_TO_32_BIT_CONVERSION = YES;
				GCC_WARN_ABOUT_RETURN_TYPE = YES_ERROR;
				GCC_WARN_UNDECLARED_SELECTOR = YES;
				GCC_WARN_UNINITIALIZED_AUTOS = YES_AGGRESSIVE;
				GCC_WARN_UNUSED_FUNCTION = YES;
				GCC_WARN_UNUSED_VARIABLE = YES;
				IPHONEOS_DEPLOYMENT_TARGET = 12.0;
				MTL_ENABLE_DEBUG_INFO = NO;
				MTL_FAST_MATH = YES;
				SDKROOT = iphoneos;
				SWIFT_COMPILATION_MODE = wholemodule;
				SWIFT_OPTIMIZATION_LEVEL = "-O";
				VALIDATE_PRODUCT = YES;
			};
			name = Release;
		};
		917CED2E27B15FF100433C21 /* Debug */ = {
			isa = XCBuildConfiguration;
			baseConfigurationReference = 70B4F76D71FA993FCB573F05 /* Pods-DailyPlanner.debug.xcconfig */;
			buildSettings = {
				ASSETCATALOG_COMPILER_APPICON_NAME = AppIcon;
				ASSETCATALOG_COMPILER_GLOBAL_ACCENT_COLOR_NAME = AccentColor;
				CODE_SIGN_STYLE = Automatic;
				CURRENT_PROJECT_VERSION = 1;
				GENERATE_INFOPLIST_FILE = YES;
				INFOPLIST_FILE = DailyPlanner/Info.plist;
				INFOPLIST_KEY_UIApplicationSupportsIndirectInputEvents = YES;
				INFOPLIST_KEY_UILaunchStoryboardName = LaunchScreen;
				INFOPLIST_KEY_UIMainStoryboardFile = Main;
				INFOPLIST_KEY_UISupportedInterfaceOrientations = UIInterfaceOrientationPortrait;
				INFOPLIST_KEY_UISupportedInterfaceOrientations_iPad = "UIInterfaceOrientationPortrait UIInterfaceOrientationPortraitUpsideDown UIInterfaceOrientationLandscapeLeft UIInterfaceOrientationLandscapeRight";
				INFOPLIST_KEY_UISupportedInterfaceOrientations_iPhone = "UIInterfaceOrientationPortrait UIInterfaceOrientationLandscapeLeft UIInterfaceOrientationLandscapeRight";
				IPHONEOS_DEPLOYMENT_TARGET = 12.0;
				LD_RUNPATH_SEARCH_PATHS = (
					"$(inherited)",
					"@executable_path/Frameworks",
				);
				MARKETING_VERSION = 1.0;
				PRODUCT_BUNDLE_IDENTIFIER = com.test.eremenko.DailyPlanner;
				PRODUCT_NAME = "$(TARGET_NAME)";
				SWIFT_EMIT_LOC_STRINGS = YES;
				SWIFT_VERSION = 5.0;
				TARGETED_DEVICE_FAMILY = 1;
			};
			name = Debug;
		};
		917CED2F27B15FF100433C21 /* Release */ = {
			isa = XCBuildConfiguration;
			baseConfigurationReference = D3FC3F5D6451BDB3586C69AA /* Pods-DailyPlanner.release.xcconfig */;
			buildSettings = {
				ASSETCATALOG_COMPILER_APPICON_NAME = AppIcon;
				ASSETCATALOG_COMPILER_GLOBAL_ACCENT_COLOR_NAME = AccentColor;
				CODE_SIGN_STYLE = Automatic;
				CURRENT_PROJECT_VERSION = 1;
				GENERATE_INFOPLIST_FILE = YES;
				INFOPLIST_FILE = DailyPlanner/Info.plist;
				INFOPLIST_KEY_UIApplicationSupportsIndirectInputEvents = YES;
				INFOPLIST_KEY_UILaunchStoryboardName = LaunchScreen;
				INFOPLIST_KEY_UIMainStoryboardFile = Main;
				INFOPLIST_KEY_UISupportedInterfaceOrientations = UIInterfaceOrientationPortrait;
				INFOPLIST_KEY_UISupportedInterfaceOrientations_iPad = "UIInterfaceOrientationPortrait UIInterfaceOrientationPortraitUpsideDown UIInterfaceOrientationLandscapeLeft UIInterfaceOrientationLandscapeRight";
				INFOPLIST_KEY_UISupportedInterfaceOrientations_iPhone = "UIInterfaceOrientationPortrait UIInterfaceOrientationLandscapeLeft UIInterfaceOrientationLandscapeRight";
				IPHONEOS_DEPLOYMENT_TARGET = 12.0;
				LD_RUNPATH_SEARCH_PATHS = (
					"$(inherited)",
					"@executable_path/Frameworks",
				);
				MARKETING_VERSION = 1.0;
				PRODUCT_BUNDLE_IDENTIFIER = com.test.eremenko.DailyPlanner;
				PRODUCT_NAME = "$(TARGET_NAME)";
				SWIFT_EMIT_LOC_STRINGS = YES;
				SWIFT_VERSION = 5.0;
				TARGETED_DEVICE_FAMILY = 1;
			};
			name = Release;
		};
		917CED3127B15FF100433C21 /* Debug */ = {
			isa = XCBuildConfiguration;
			baseConfigurationReference = 3FD2AC69AAE013A65692572E /* Pods-DailyPlannerTests.debug.xcconfig */;
			buildSettings = {
				ALWAYS_EMBED_SWIFT_STANDARD_LIBRARIES = YES;
				BUNDLE_LOADER = "$(TEST_HOST)";
				CODE_SIGN_STYLE = Automatic;
				CURRENT_PROJECT_VERSION = 1;
				GENERATE_INFOPLIST_FILE = YES;
				IPHONEOS_DEPLOYMENT_TARGET = 15.2;
				MARKETING_VERSION = 1.0;
				PRODUCT_BUNDLE_IDENTIFIER = com.test.eremenko.DailyPlannerTests;
				PRODUCT_NAME = "$(TARGET_NAME)";
				SWIFT_EMIT_LOC_STRINGS = NO;
				SWIFT_VERSION = 5.0;
				TARGETED_DEVICE_FAMILY = "1,2";
				TEST_HOST = "$(BUILT_PRODUCTS_DIR)/DailyPlanner.app/DailyPlanner";
			};
			name = Debug;
		};
		917CED3227B15FF100433C21 /* Release */ = {
			isa = XCBuildConfiguration;
			baseConfigurationReference = 3D8BA2317860DC6AD1F0E582 /* Pods-DailyPlannerTests.release.xcconfig */;
			buildSettings = {
				ALWAYS_EMBED_SWIFT_STANDARD_LIBRARIES = YES;
				BUNDLE_LOADER = "$(TEST_HOST)";
				CODE_SIGN_STYLE = Automatic;
				CURRENT_PROJECT_VERSION = 1;
				GENERATE_INFOPLIST_FILE = YES;
				IPHONEOS_DEPLOYMENT_TARGET = 15.2;
				MARKETING_VERSION = 1.0;
				PRODUCT_BUNDLE_IDENTIFIER = com.test.eremenko.DailyPlannerTests;
				PRODUCT_NAME = "$(TARGET_NAME)";
				SWIFT_EMIT_LOC_STRINGS = NO;
				SWIFT_VERSION = 5.0;
				TARGETED_DEVICE_FAMILY = "1,2";
				TEST_HOST = "$(BUILT_PRODUCTS_DIR)/DailyPlanner.app/DailyPlanner";
			};
			name = Release;
		};
		917CED3427B15FF100433C21 /* Debug */ = {
			isa = XCBuildConfiguration;
			baseConfigurationReference = 519A5BC7B1FE858D191C8AB9 /* Pods-DailyPlanner-DailyPlannerUITests.debug.xcconfig */;
			buildSettings = {
				ALWAYS_EMBED_SWIFT_STANDARD_LIBRARIES = YES;
				CODE_SIGN_STYLE = Automatic;
				CURRENT_PROJECT_VERSION = 1;
				GENERATE_INFOPLIST_FILE = YES;
				MARKETING_VERSION = 1.0;
				PRODUCT_BUNDLE_IDENTIFIER = com.test.eremenko.DailyPlannerUITests;
				PRODUCT_NAME = "$(TARGET_NAME)";
				SWIFT_EMIT_LOC_STRINGS = NO;
				SWIFT_VERSION = 5.0;
				TARGETED_DEVICE_FAMILY = "1,2";
				TEST_TARGET_NAME = DailyPlanner;
			};
			name = Debug;
		};
		917CED3527B15FF100433C21 /* Release */ = {
			isa = XCBuildConfiguration;
			baseConfigurationReference = 044F44826F720DF4D2792754 /* Pods-DailyPlanner-DailyPlannerUITests.release.xcconfig */;
			buildSettings = {
				ALWAYS_EMBED_SWIFT_STANDARD_LIBRARIES = YES;
				CODE_SIGN_STYLE = Automatic;
				CURRENT_PROJECT_VERSION = 1;
				GENERATE_INFOPLIST_FILE = YES;
				MARKETING_VERSION = 1.0;
				PRODUCT_BUNDLE_IDENTIFIER = com.test.eremenko.DailyPlannerUITests;
				PRODUCT_NAME = "$(TARGET_NAME)";
				SWIFT_EMIT_LOC_STRINGS = NO;
				SWIFT_VERSION = 5.0;
				TARGETED_DEVICE_FAMILY = "1,2";
				TEST_TARGET_NAME = DailyPlanner;
			};
			name = Release;
		};
/* End XCBuildConfiguration section */

/* Begin XCConfigurationList section */
		917CECFE27B15FF100433C21 /* Build configuration list for PBXProject "DailyPlanner" */ = {
			isa = XCConfigurationList;
			buildConfigurations = (
				917CED2B27B15FF100433C21 /* Debug */,
				917CED2C27B15FF100433C21 /* Release */,
			);
			defaultConfigurationIsVisible = 0;
			defaultConfigurationName = Release;
		};
		917CED2D27B15FF100433C21 /* Build configuration list for PBXNativeTarget "DailyPlanner" */ = {
			isa = XCConfigurationList;
			buildConfigurations = (
				917CED2E27B15FF100433C21 /* Debug */,
				917CED2F27B15FF100433C21 /* Release */,
			);
			defaultConfigurationIsVisible = 0;
			defaultConfigurationName = Release;
		};
		917CED3027B15FF100433C21 /* Build configuration list for PBXNativeTarget "DailyPlannerTests" */ = {
			isa = XCConfigurationList;
			buildConfigurations = (
				917CED3127B15FF100433C21 /* Debug */,
				917CED3227B15FF100433C21 /* Release */,
			);
			defaultConfigurationIsVisible = 0;
			defaultConfigurationName = Release;
		};
		917CED3327B15FF100433C21 /* Build configuration list for PBXNativeTarget "DailyPlannerUITests" */ = {
			isa = XCConfigurationList;
			buildConfigurations = (
				917CED3427B15FF100433C21 /* Debug */,
				917CED3527B15FF100433C21 /* Release */,
			);
			defaultConfigurationIsVisible = 0;
			defaultConfigurationName = Release;
		};
/* End XCConfigurationList section */
	};
	rootObject = 917CECFB27B15FF100433C21 /* Project object */;
}
